{
  "name": "miniprogram",
  "version": "1.0.0",
  "lockfileVersion": 1,
  "requires": true,
  "dependencies": {
    "eventemitter3": {
      "version": "4.0.4",
      "resolved": "https://registry.npm.taobao.org/eventemitter3/download/eventemitter3-4.0.4.tgz?cache=0&sync_timestamp=1589283112999&other_urls=https%3A%2F%2Fregistry.npm.taobao.org%2Feventemitter3%2Fdownload%2Feventemitter3-4.0.4.tgz",
      "integrity": "sha1-tUY6zmNaCD0Bi9x8kXtMXxCoU4Q="
    },
    "miniprogram-slide-view": {
      "version": "0.0.4",
      "resolved": "https://registry.npm.taobao.org/miniprogram-slide-view/download/miniprogram-slide-view-0.0.4.tgz",
      "integrity": "sha1-0EjSJCrOMfwp3hmbmkmjM19sEy0="
    },
    "widget-ui": {
      "version": "1.0.2",
      "resolved": "https://registry.npm.taobao.org/widget-ui/download/widget-ui-1.0.2.tgz",
      "integrity": "sha1-1lpWC5Fzn70Op8L18tKP5MATJHA=",
      "requires": {
        "eventemitter3": "^4.0.0"
      }
    },
    "wxml-to-canvas": {
      "version": "1.1.1",
      "resolved": "https://registry.npm.taobao.org/wxml-to-canvas/download/wxml-to-canvas-1.1.1.tgz",
      "integrity": "sha1-ZHcUc/seJRva2U+Mb/p91kKQ58o=",
      "requires": {
        "widget-ui": "^1.0.2"
      }
    }
  }
}
